# 外部 registry 条目供应链锁(registry-add 维护)
- name: shadcn/button
  type: registry:ui
  url: "https://ui.shadcn.com/r/styles/new-york-v4/button.json"
  files: ["registry/new-york-v4/ui/button.tsx"]
  dependencies: ["radix-ui"]
  fetchedAt: "2026-08-23T16:11:38.079Z"
- name: shadcn/badge
  type: registry:ui
  url: "https://ui.shadcn.com/r/styles/new-york-v4/badge.json"
  files: ["registry/new-york-v4/ui/badge.tsx"]
  dependencies: ["radix-ui"]
  fetchedAt: "2026-08-24T08:33:16.878Z"
- name: shadcn/card
  type: registry:ui
  url: "https://ui.shadcn.com/r/styles/new-york-v4/card.json"
  files: ["registry/new-york-v4/ui/card.tsx"]
  fetchedAt: "2026-08-24T08:33:17.315Z"
- name: shadcn/input
  type: registry:ui
  url: "https://ui.shadcn.com/r/styles/new-york-v4/input.json"
  files: ["registry/new-york-v4/ui/input.tsx"]
  fetchedAt: "2026-08-24T08:33:17.846Z"
- name: shadcn/textarea
  type: registry:ui
  url: "https://ui.shadcn.com/r/styles/new-york-v4/textarea.json"
  files: ["registry/new-york-v4/ui/textarea.tsx"]
  fetchedAt: "2026-08-24T08:33:18.313Z"
- name: shadcn/checkbox
  type: registry:ui
  url: "https://ui.shadcn.com/r/styles/new-york-v4/checkbox.json"
  files: ["registry/new-york-v4/ui/checkbox.tsx"]
  dependencies: ["radix-ui"]
  fetchedAt: "2026-08-24T08:33:18.768Z"
- name: shadcn/select
  type: registry:ui
  url: "https://ui.shadcn.com/r/styles/new-york-v4/select.json"
  files: ["registry/new-york-v4/ui/select.tsx"]
  dependencies: ["radix-ui"]
  fetchedAt: "2026-08-24T08:33:19.254Z"
- name: shadcn/dialog
  type: registry:ui
  url: "https://ui.shadcn.com/r/styles/new-york-v4/dialog.json"
  files: ["registry/new-york-v4/ui/dialog.tsx"]
  dependencies: ["radix-ui"]
  fetchedAt: "2026-08-24T08:33:19.759Z"
- name: shadcn/tabs
  type: registry:ui
  url: "https://ui.shadcn.com/r/styles/new-york-v4/tabs.json"
  files: ["registry/new-york-v4/ui/tabs.tsx"]
  dependencies: ["radix-ui"]
  fetchedAt: "2026-08-24T08:33:20.325Z"
- name: shadcn/dropdown-menu
  type: registry:ui
  url: "https://ui.shadcn.com/r/styles/new-york-v4/dropdown-menu.json"
  files: ["registry/new-york-v4/ui/dropdown-menu.tsx"]
  dependencies: ["radix-ui"]
  fetchedAt: "2026-08-24T08:33:20.824Z"
- name: shadcn/table
  type: registry:ui
  url: "https://ui.shadcn.com/r/styles/new-york-v4/table.json"
  files: ["registry/new-york-v4/ui/table.tsx"]
  fetchedAt: "2026-08-24T08:33:21.253Z"
- name: shadcn/label
  type: registry:ui
  url: "https://ui.shadcn.com/r/styles/new-york-v4/label.json"
  files: ["registry/new-york-v4/ui/label.tsx"]
  dependencies: ["radix-ui"]
  fetchedAt: "2026-08-24T08:33:21.747Z"
- name: shadcn/separator
  type: registry:ui
  url: "https://ui.shadcn.com/r/styles/new-york-v4/separator.json"
  files: ["registry/new-york-v4/ui/separator.tsx"]
  dependencies: ["radix-ui"]
  fetchedAt: "2026-08-24T08:33:22.410Z"
